# THIS IS AN AUTOGENERATED FILE. DO NOT EDIT THIS FILE DIRECTLY.
# yarn lockfile v1


"@types/md5@^2.2.1":
  version "2.2.1"
  resolved "https://registry.npm.taobao.org/@types/md5/download/@types/md5-2.2.1.tgz#0e2d65d8f6cc91aafbc9be5a4c08fee9250406ce"
  integrity sha1-Di1l2PbMkar7yb5aTAj+6SUEBs4=
  dependencies:
    "@types/node" "*"

"@types/node@*":
  version "14.14.22"
  resolved "https://registry.npm.taobao.org/@types/node/download/@types/node-14.14.22.tgz?cache=0&sync_timestamp=1611167664149&other_urls=https%3A%2F%2Fregistry.npm.taobao.org%2F%40types%2Fnode%2Fdownload%2F%40types%2Fnode-14.14.22.tgz#0d29f382472c4ccf3bd96ff0ce47daf5b7b84b18"
  integrity sha1-DSnzgkcsTM872W/wzkfa9be4Sxg=

"@types/node@^14.14.21":
  version "14.14.21"
  resolved "https://registry.npm.taobao.org/@types/node/download/@types/node-14.14.21.tgz?cache=0&sync_timestamp=1610658444361&other_urls=https%3A%2F%2Fregistry.npm.taobao.org%2F%40types%2Fnode%2Fdownload%2F%40types%2Fnode-14.14.21.tgz#d934aacc22424fe9622ebf6857370c052eae464e"
  integrity sha1-2TSqzCJCT+liLr9oVzcMBS6uRk4=

charenc@0.0.2:
  version "0.0.2"
  resolved "https://registry.npm.taobao.org/charenc/download/charenc-0.0.2.tgz#c0a1d2f3a7092e03774bfa83f14c0fc5790a8667"
  integrity sha1-wKHS86cJLgN3S/qD8UwPxXkKhmc=

commander@^7.0.0:
  version "7.0.0"
  resolved "https://registry.npm.taobao.org/commander/download/commander-7.0.0.tgz?cache=0&sync_timestamp=1610702155473&other_urls=https%3A%2F%2Fregistry.npm.taobao.org%2Fcommander%2Fdownload%2Fcommander-7.0.0.tgz#3e2bbfd8bb6724760980988fb5b22b7ee6b71ab2"
  integrity sha1-Piu/2LtnJHYJgJiPtbIrfua3GrI=

crypt@0.0.2:
  version "0.0.2"
  resolved "https://registry.npm.taobao.org/crypt/download/crypt-0.0.2.tgz#88d7ff7ec0dfb86f713dc87bbb42d044d3e6c41b"
  integrity sha1-iNf/fsDfuG9xPch7u0LQRNPmxBs=

is-buffer@~1.1.6:
  version "1.1.6"
  resolved "https://registry.npm.taobao.org/is-buffer/download/is-buffer-1.1.6.tgz?cache=0&sync_timestamp=1604432327227&other_urls=https%3A%2F%2Fregistry.npm.taobao.org%2Fis-buffer%2Fdownload%2Fis-buffer-1.1.6.tgz#efaa2ea9daa0d7ab2ea13a97b2b8ad51fefbe8be"
  integrity sha1-76ouqdqg16suoTqXsritUf776L4=

md5@^2.3.0:
  version "2.3.0"
  resolved "https://registry.npm.taobao.org/md5/download/md5-2.3.0.tgz#c3da9a6aae3a30b46b7b0c349b87b110dc3bda4f"
  integrity sha1-w9qaaq46MLRreww0m4exENw72k8=
  dependencies:
    charenc "0.0.2"
    crypt "0.0.2"
    is-buffer "~1.1.6"
